// !$*UTF8*$!
{
	archiveVersion = 1;
	classes = {
	};
	objectVersion = 46;
	objects = {

/* Begin PBXBuildFile section */
		D844C7151CE09DDE003E12FA /* main.m in Sources */ = {isa = PBXBuildFile; fileRef = D844C7141CE09DDE003E12FA /* main.m */; };
		D844C7181CE09DDE003E12FA /* AppDelegate.m in Sources */ = {isa = PBXBuildFile; fileRef = D844C7171CE09DDE003E12FA /* AppDelegate.m */; };
		D844C71B1CE09DDE003E12FA /* ViewController.m in Sources */ = {isa = PBXBuildFile; fileRef = D844C71A1CE09DDE003E12FA /* ViewController.m */; };
		D844C71E1CE09DDE003E12FA /* Main.storyboard in Resources */ = {isa = PBXBuildFile; fileRef = D844C71C1CE09DDE003E12FA /* Main.storyboard */; };
		D844C7201CE09DDE003E12FA /* Assets.xcassets in Resources */ = {isa = PBXBuildFile; fileRef = D844C71F1CE09DDE003E12FA /* Assets.xcassets */; };
		D844C7231CE09DDE003E12FA /* LaunchScreen.storyboard in Resources */ = {isa = PBXBuildFile; fileRef = D844C7211CE09DDE003E12FA /* LaunchScreen.storyboard */; };
		D844C72E1CE09DDE003E12FA /* RuntimeTest2Tests.m in Sources */ = {isa = PBXBuildFile; fileRef = D844C72D1CE09DDE003E12FA /* RuntimeTest2Tests.m */; };
		D844C7391CE09DDE003E12FA /* RuntimeTest2UITests.m in Sources */ = {isa = PBXBuildFile; fileRef = D844C7381CE09DDE003E12FA /* RuntimeTest2UITests.m */; };
		D844C7481CE09E45003E12FA /* SecondViewController.m in Sources */ = {isa = PBXBuildFile; fileRef = D844C7471CE09E45003E12FA /* SecondViewController.m */; };
/* End PBXBuildFile section */

/* Begin PBXContainerItemProxy section */
		D844C72A1CE09DDE003E12FA /* PBXContainerItemProxy */ = {
			isa = PBXContainerItemProxy;
			containerPortal = D844C7081CE09DDE003E12FA /* Project object */;
			proxyType = 1;
			remoteGlobalIDString = D844C70F1CE09DDE003E12FA;
			remoteInfo = RuntimeTest2;
		};
		D844C7351CE09DDE003E12FA /* PBXContainerItemProxy */ = {
			isa = PBXContainerItemProxy;
			containerPortal = D844C7081CE09DDE003E12FA /* Project object */;
			proxyType = 1;
			remoteGlobalIDString = D844C70F1CE09DDE003E12FA;
			remoteInfo = RuntimeTest2;
		};
/* End PBXContainerItemProxy section */

/* Begin PBXFileReference section */
		D844C7101CE09DDE003E12FA /* RuntimeTest2.app */ = {isa = PBXFileReference; explicitFileType = wrapper.application; includeInIndex = 0; path = RuntimeTest2.app; sourceTree = BUILT_PRODUCTS_DIR; };
		D844C7141CE09DDE003E12FA /* main.m */ = {isa = PBXFileReference; lastKnownFileType = sourcecode.c.objc; path = main.m; sourceTree = "<group>"; };
		D844C7161CE09DDE003E12FA /* AppDelegate.h */ = {isa = PBXFileReference; lastKnownFileType = sourcecode.c.h; path = AppDelegate.h; sourceTree = "<group>"; };
		D844C7171CE09DDE003E12FA /* AppDelegate.m */ = {isa = PBXFileReference; lastKnownFileType = sourcecode.c.objc; path = AppDelegate.m; sourceTree = "<group>"; };
		D844C7191CE09DDE003E12FA /* ViewController.h */ = {isa = PBXFileReference; lastKnownFileType = sourcecode.c.h; path = ViewController.h; sourceTree = "<group>"; };
		D844C71A1CE09DDE003E12FA /* ViewController.m */ = {isa = PBXFileReference; lastKnownFileType = sourcecode.c.objc; path = ViewController.m; sourceTree = "<group>"; };
		D844C71D1CE09DDE003E12FA /* Base */ = {isa = PBXFileReference; lastKnownFileType = file.storyboard; name = Base; path = Base.lproj/Main.storyboard; sourceTree = "<group>"; };
		D844C71F1CE09DDE003E12FA /* Assets.xcassets */ = {isa = PBXFileReference; lastKnownFileType = folder.assetcatalog; path = Assets.xcassets; sourceTree = "<group>"; };
		D844C7221CE09DDE003E12FA /* Base */ = {isa = PBXFileReference; lastKnownFileType = file.storyboard; name = Base; path = Base.lproj/LaunchScreen.storyboard; sourceTree = "<group>"; };
		D844C7241CE09DDE003E12FA /* Info.plist */ = {isa = PBXFileReference; lastKnownFileType = text.plist.xml; path = Info.plist; sourceTree = "<group>"; };
		D844C7291CE09DDE003E12FA /* RuntimeTest2Tests.xctest */ = {isa = PBXFileReference; explicitFileType = wrapper.cfbundle; includeInIndex = 0; path = RuntimeTest2Tests.xctest; sourceTree = BUILT_PRODUCTS_DIR; };
		D844C72D1CE09DDE003E12FA /* RuntimeTest2Tests.m */ = {isa = PBXFileReference; lastKnownFileType = sourcecode.c.objc; path = RuntimeTest2Tests.m; sourceTree = "<group>"; };
		D844C72F1CE09DDE003E12FA /* Info.plist */ = {isa = PBXFileReference; lastKnownFileType = text.plist.xml; path = Info.plist; sourceTree = "<group>"; };
		D844C7341CE09DDE003E12FA /* RuntimeTest2UITests.xctest */ = {isa = PBXFileReference; explicitFileType = wrapper.cfbundle; includeInIndex = 0; path = RuntimeTest2UITests.xctest; sourceTree = BUILT_PRODUCTS_DIR; };
		D844C7381CE09DDE003E12FA /* RuntimeTest2UITests.m */ = {isa = PBXFileReference; lastKnownFileType = sourcecode.c.objc; path = RuntimeTest2UITests.m; sourceTree = "<group>"; };
		D844C73A1CE09DDE003E12FA /* Info.plist */ = {isa = PBXFileReference; lastKnownFileType = text.plist.xml; path = Info.plist; sourceTree = "<group>"; };
		D844C7461CE09E45003E12FA /* SecondViewController.h */ = {isa = PBXFileReference; fileEncoding = 4; lastKnownFileType = sourcecode.c.h; path = SecondViewController.h; sourceTree = "<group>"; };
		D844C7471CE09E45003E12FA /* SecondViewController.m */ = {isa = PBXFileReference; fileEncoding = 4; lastKnownFileType = sourcecode.c.objc; path = SecondViewController.m; sourceTree = "<group>"; };
/* End PBXFileReference section */

/* Begin PBXFrameworksBuildPhase section */
		D844C70D1CE09DDE003E12FA /* Frameworks */ = {
			isa = PBXFrameworksBuildPhase;
			buildActionMask = 2147483647;
			files = (
			);
			runOnlyForDeploymentPostprocessing = 0;
		};
		D844C7261CE09DDE003E12FA /* Frameworks */ = {
			isa = PBXFrameworksBuildPhase;
			buildActionMask = 2147483647;
			files = (
			);
			runOnlyForDeploymentPostprocessing = 0;
		};
		D844C7311CE09DDE003E12FA /* Frameworks */ = {
			isa = PBXFrameworksBuildPhase;
			buildActionMask = 2147483647;
			files = (
			);
			runOnlyForDeploymentPostprocessing = 0;
		};
/* End PBXFrameworksBuildPhase section */

/* Begin PBXGroup section */
		D844C7071CE09DDE003E12FA = {
			isa = PBXGroup;
			children = (
				D844C7121CE09DDE003E12FA /* RuntimeTest2 */,
				D844C72C1CE09DDE003E12FA /* RuntimeTest2Tests */,
				D844C7371CE09DDE003E12FA /* RuntimeTest2UITests */,
				D844C7111CE09DDE003E12FA /* Products */,
			);
			sourceTree = "<group>";
		};
		D844C7111CE09DDE003E12FA /* Products */ = {
			isa = PBXGroup;
			children = (
				D844C7101CE09DDE003E12FA /* RuntimeTest2.app */,
				D844C7291CE09DDE003E12FA /* RuntimeTest2Tests.xctest */,
				D844C7341CE09DDE003E12FA /* RuntimeTest2UITests.xctest */,
			);
			name = Products;
			sourceTree = "<group>";
		};
		D844C7121CE09DDE003E12FA /* RuntimeTest2 */ = {
			isa = PBXGroup;
			children = (
				D844C7161CE09DDE003E12FA /* AppDelegate.h */,
				D844C7171CE09DDE003E12FA /* AppDelegate.m */,
				D844C7191CE09DDE003E12FA /* ViewController.h */,
				D844C71A1CE09DDE003E12FA /* ViewController.m */,
				D844C7461CE09E45003E12FA /* SecondViewController.h */,
				D844C7471CE09E45003E12FA /* SecondViewController.m */,
				D844C71C1CE09DDE003E12FA /* Main.storyboard */,
				D844C71F1CE09DDE003E12FA /* Assets.xcassets */,
				D844C7211CE09DDE003E12FA /* LaunchScreen.storyboard */,
				D844C7241CE09DDE003E12FA /* Info.plist */,
				D844C7131CE09DDE003E12FA /* Supporting Files */,
			);
			path = RuntimeTest2;
			sourceTree = "<group>";
		};
		D844C7131CE09DDE003E12FA /* Supporting Files */ = {
			isa = PBXGroup;
			children = (
				D844C7141CE09DDE003E12FA /* main.m */,
			);
			name = "Supporting Files";
			sourceTree = "<group>";
		};
		D844C72C1CE09DDE003E12FA /* RuntimeTest2Tests */ = {
			isa = PBXGroup;
			children = (
				D844C72D1CE09DDE003E12FA /* RuntimeTest2Tests.m */,
				D844C72F1CE09DDE003E12FA /* Info.plist */,
			);
			path = RuntimeTest2Tests;
			sourceTree = "<group>";
		};
		D844C7371CE09DDE003E12FA /* RuntimeTest2UITests */ = {
			isa = PBXGroup;
			children = (
				D844C7381CE09DDE003E12FA /* RuntimeTest2UITests.m */,
				D844C73A1CE09DDE003E12FA /* Info.plist */,
			);
			path = RuntimeTest2UITests;
			sourceTree = "<group>";
		};
/* End PBXGroup section */

/* Begin PBXNativeTarget section */
		D844C70F1CE09DDE003E12FA /* RuntimeTest2 */ = {
			isa = PBXNativeTarget;
			buildConfigurationList = D844C73D1CE09DDE003E12FA /* Build configuration list for PBXNativeTarget "RuntimeTest2" */;
			buildPhases = (
				D844C70C1CE09DDE003E12FA /* Sources */,
				D844C70D1CE09DDE003E12FA /* Frameworks */,
				D844C70E1CE09DDE003E12FA /* Resources */,
			);
			buildRules = (
			);
			dependencies = (
			);
			name = RuntimeTest2;
			productName = RuntimeTest2;
			productReference = D844C7101CE09DDE003E12FA /* RuntimeTest2.app */;
			productType = "com.apple.product-type.application";
		};
		D844C7281CE09DDE003E12FA /* RuntimeTest2Tests */ = {
			isa = PBXNativeTarget;
			buildConfigurationList = D844C7401CE09DDE003E12FA /* Build configuration list for PBXNativeTarget "RuntimeTest2Tests" */;
			buildPhases = (
				D844C7251CE09DDE003E12FA /* Sources */,
				D844C7261CE09DDE003E12FA /* Frameworks */,
				D844C7271CE09DDE003E12FA /* Resources */,
			);
			buildRules = (
			);
			dependencies = (
				D844C72B1CE09DDE003E12FA /* PBXTargetDependency */,
			);
			name = RuntimeTest2Tests;
			productName = RuntimeTest2Tests;
			productReference = D844C7291CE09DDE003E12FA /* RuntimeTest2Tests.xctest */;
			productType = "com.apple.product-type.bundle.unit-test";
		};
		D844C7331CE09DDE003E12FA /* RuntimeTest2UITests */ = {
			isa = PBXNativeTarget;
			buildConfigurationList = D844C7431CE09DDE003E12FA /* Build configuration list for PBXNativeTarget "RuntimeTest2UITests" */;
			buildPhases = (
				D844C7301CE09DDE003E12FA /* Sources */,
				D844C7311CE09DDE003E12FA /* Frameworks */,
				D844C7321CE09DDE003E12FA /* Resources */,
			);
			buildRules = (
			);
			dependencies = (
				D844C7361CE09DDE003E12FA /* PBXTargetDependency */,
			);
			name = RuntimeTest2UITests;
			productName = RuntimeTest2UITests;
			productReference = D844C7341CE09DDE003E12FA /* RuntimeTest2UITests.xctest */;
			productType = "com.apple.product-type.bundle.ui-testing";
		};
/* End PBXNativeTarget section */

/* Begin PBXProject section */
		D844C7081CE09DDE003E12FA /* Project object */ = {
			isa = PBXProject;
			attributes = {
				LastUpgradeCheck = 0730;
				ORGANIZATIONNAME = joe;
				TargetAttributes = {
					D844C70F1CE09DDE003E12FA = {
						CreatedOnToolsVersion = 7.3.1;
						DevelopmentTeam = KJ48EW99MU;
					};
					D844C7281CE09DDE003E12FA = {
						CreatedOnToolsVersion = 7.3.1;
						DevelopmentTeam = KJ48EW99MU;
						TestTargetID = D844C70F1CE09DDE003E12FA;
					};
					D844C7331CE09DDE003E12FA = {
						CreatedOnToolsVersion = 7.3.1;
						DevelopmentTeam = KJ48EW99MU;
						TestTargetID = D844C70F1CE09DDE003E12FA;
					};
				};
			};
			buildConfigurationList = D844C70B1CE09DDE003E12FA /* Build configuration list for PBXProject "RuntimeTest2" */;
			compatibilityVersion = "Xcode 3.2";
			developmentRegion = English;
			hasScannedForEncodings = 0;
			knownRegions = (
				en,
				Base,
			);
			mainGroup = D844C7071CE09DDE003E12FA;
			productRefGroup = D844C7111CE09DDE003E12FA /* Products */;
			projectDirPath = "";
			projectRoot = "";
			targets = (
				D844C70F1CE09DDE003E12FA /* RuntimeTest2 */,
				D844C7281CE09DDE003E12FA /* RuntimeTest2Tests */,
				D844C7331CE09DDE003E12FA /* RuntimeTest2UITests */,
			);
		};
/* End PBXProject section */

/* Begin PBXResourcesBuildPhase section */
		D844C70E1CE09DDE003E12FA /* Resources */ = {
			isa = PBXResourcesBuildPhase;
			buildActionMask = 2147483647;
			files = (
				D844C7231CE09DDE003E12FA /* LaunchScreen.storyboard in Resources */,
				D844C7201CE09DDE003E12FA /* Assets.xcassets in Resources */,
				D844C71E1CE09DDE003E12FA /* Main.storyboard in Resources */,
			);
			runOnlyForDeploymentPostprocessing = 0;
		};
		D844C7271CE09DDE003E12FA /* Resources */ = {
			isa = PBXResourcesBuildPhase;
			buildActionMask = 2147483647;
			files = (
			);
			runOnlyForDeploymentPostprocessing = 0;
		};
		D844C7321CE09DDE003E12FA /* Resources */ = {
			isa = PBXResourcesBuildPhase;
			buildActionMask = 2147483647;
			files = (
			);
			runOnlyForDeploymentPostprocessing = 0;
		};
/* End PBXResourcesBuildPhase section */

/* Begin PBXSourcesBuildPhase section */
		D844C70C1CE09DDE003E12FA /* Sources */ = {
			isa = PBXSourcesBuildPhase;
			buildActionMask = 2147483647;
			files = (
				D844C7481CE09E45003E12FA /* SecondViewController.m in Sources */,
				D844C71B1CE09DDE003E12FA /* ViewController.m in Sources */,
				D844C7181CE09DDE003E12FA /* AppDelegate.m in Sources */,
				D844C7151CE09DDE003E12FA /* main.m in Sources */,
			);
			runOnlyForDeploymentPostprocessing = 0;
		};
		D844C7251CE09DDE003E12FA /* Sources */ = {
			isa = PBXSourcesBuildPhase;
			buildActionMask = 2147483647;
			files = (
				D844C72E1CE09DDE003E12FA /* RuntimeTest2Tests.m in Sources */,
			);
			runOnlyForDeploymentPostprocessing = 0;
		};
		D844C7301CE09DDE003E12FA /* Sources */ = {
			isa = PBXSourcesBuildPhase;
			buildActionMask = 2147483647;
			files = (
				D844C7391CE09DDE003E12FA /* RuntimeTest2UITests.m in Sources */,
			);
			runOnlyForDeploymentPostprocessing = 0;
		};
/* End PBXSourcesBuildPhase section */

/* Begin PBXTargetDependency section */
		D844C72B1CE09DDE003E12FA /* PBXTargetDependency */ = {
			isa = PBXTargetDependency;
			target = D844C70F1CE09DDE003E12FA /* RuntimeTest2 */;
			targetProxy = D844C72A1CE09DDE003E12FA /* PBXContainerItemProxy */;
		};
		D844C7361CE09DDE003E12FA /* PBXTargetDependency */ = {
			isa = PBXTargetDependency;
			target = D844C70F1CE09DDE003E12FA /* RuntimeTest2 */;
			targetProxy = D844C7351CE09DDE003E12FA /* PBXContainerItemProxy */;
		};
/* End PBXTargetDependency section */

/* Begin PBXVariantGroup section */
		D844C71C1CE09DDE003E12FA /* Main.storyboard */ = {
			isa = PBXVariantGroup;
			children = (
				D844C71D1CE09DDE003E12FA /* Base */,
			);
			name = Main.storyboard;
			sourceTree = "<group>";
		};
		D844C7211CE09DDE003E12FA /* LaunchScreen.storyboard */ = {
			isa = PBXVariantGroup;
			children = (
				D844C7221CE09DDE003E12FA /* Base */,
			);
			name = LaunchScreen.storyboard;
			sourceTree = "<group>";
		};
/* End PBXVariantGroup section */

/* Begin XCBuildConfiguration section */
		D844C73B1CE09DDE003E12FA /* Debug */ = {
			isa = XCBuildConfiguration;
			buildSettings = {
				ALWAYS_SEARCH_USER_PATHS = NO;
				CLANG_ANALYZER_NONNULL = YES;
				CLANG_CXX_LANGUAGE_STANDARD = "gnu++0x";
				CLANG_CXX_LIBRARY = "libc++";
				CLANG_ENABLE_MODULES = YES;
				CLANG_ENABLE_OBJC_ARC = YES;
				CLANG_WARN_BOOL_CONVERSION = YES;
				CLANG_WARN_CONSTANT_CONVERSION = YES;
				CLANG_WARN_DIRECT_OBJC_ISA_USAGE = YES_ERROR;
				CLANG_WARN_EMPTY_BODY = YES;
				CLANG_WARN_ENUM_CONVERSION = YES;
				CLANG_WARN_INT_CONVERSION = YES;
				CLANG_WARN_OBJC_ROOT_CLASS = YES_ERROR;
				CLANG_WARN_UNREACHABLE_CODE = YES;
				CLANG_WARN__DUPLICATE_METHOD_MATCH = YES;
				"CODE_SIGN_IDENTITY[sdk=iphoneos*]" = "iPhone Developer";
				COPY_PHASE_STRIP = NO;
				DEBUG_INFORMATION_FORMAT = dwarf;
				ENABLE_STRICT_OBJC_MSGSEND = YES;
				ENABLE_TESTABILITY = YES;
				GCC_C_LANGUAGE_STANDARD = gnu99;
				GCC_DYNAMIC_NO_PIC = NO;
				GCC_NO_COMMON_BLOCKS = YES;
				GCC_OPTIMIZATION_LEVEL = 0;
				GCC_PREPROCESSOR_DEFINITIONS = (
					"DEBUG=1",
					"$(inherited)",
				);
				GCC_WARN_64_TO_32_BIT_CONVERSION = YES;
				GCC_WARN_ABOUT_RETURN_TYPE = YES_ERROR;
				GCC_WARN_UNDECLARED_SELECTOR = YES;
				GCC_WARN_UNINITIALIZED_AUTOS = YES_AGGRESSIVE;
				GCC_WARN_UNUSED_FUNCTION = YES;
				GCC_WARN_UNUSED_VARIABLE = YES;
				IPHONEOS_DEPLOYMENT_TARGET = 9.3;
				MTL_ENABLE_DEBUG_INFO = YES;
				ONLY_ACTIVE_ARCH = YES;
				SDKROOT = iphoneos;
			};
			name = Debug;
		};
		D844C73C1CE09DDE003E12FA /* Release */ = {
			isa = XCBuildConfiguration;
			buildSettings = {
				ALWAYS_SEARCH_USER_PATHS = NO;
				CLANG_ANALYZER_NONNULL = YES;
				CLANG_CXX_LANGUAGE_STANDARD = "gnu++0x";
				CLANG_CXX_LIBRARY = "libc++";
				CLANG_ENABLE_MODULES = YES;
				CLANG_ENABLE_OBJC_ARC = YES;
				CLANG_WARN_BOOL_CONVERSION = YES;
				CLANG_WARN_CONSTANT_CONVERSION = YES;
				CLANG_WARN_DIRECT_OBJC_ISA_USAGE = YES_ERROR;
				CLANG_WARN_EMPTY_BODY = YES;
				CLANG_WARN_ENUM_CONVERSION = YES;
				CLANG_WARN_INT_CONVERSION = YES;
				CLANG_WARN_OBJC_ROOT_CLASS = YES_ERROR;
				CLANG_WARN_UNREACHABLE_CODE = YES;
				CLANG_WARN__DUPLICATE_METHOD_MATCH = YES;
				"CODE_SIGN_IDENTITY[sdk=iphoneos*]" = "iPhone Developer";
				COPY_PHASE_STRIP = NO;
				DEBUG_INFORMATION_FORMAT = "dwarf-with-dsym";
				ENABLE_NS_ASSERTIONS = NO;
				ENABLE_STRICT_OBJC_MSGSEND = YES;
				GCC_C_LANGUAGE_STANDARD = gnu99;
				GCC_NO_COMMON_BLOCKS = YES;
				GCC_WARN_64_TO_32_BIT_CONVERSION = YES;
				GCC_WARN_ABOUT_RETURN_TYPE = YES_ERROR;
				GCC_WARN_UNDECLARED_SELECTOR = YES;
				GCC_WARN_UNINITIALIZED_AUTOS = YES_AGGRESSIVE;
				GCC_WARN_UNUSED_FUNCTION = YES;
				GCC_WARN_UNUSED_VARIABLE = YES;
				IPHONEOS_DEPLOYMENT_TARGET = 9.3;
				MTL_ENABLE_DEBUG_INFO = NO;
				SDKROOT = iphoneos;
				VALIDATE_PRODUCT = YES;
			};
			name = Release;
		};
		D844C73E1CE09DDE003E12FA /* Debug */ = {
			isa = XCBuildConfiguration;
			buildSettings = {
				ASSETCATALOG_COMPILER_APPICON_NAME = AppIcon;
				INFOPLIST_FILE = RuntimeTest2/Info.plist;
				LD_RUNPATH_SEARCH_PATHS = "$(inherited) @executable_path/Frameworks";
				PRODUCT_BUNDLE_IDENTIFIER = xxx.RuntimeTest2;
				PRODUCT_NAME = "$(TARGET_NAME)";
			};
			name = Debug;
		};
		D844C73F1CE09DDE003E12FA /* Release */ = {
			isa = XCBuildConfiguration;
			buildSettings = {
				ASSETCATALOG_COMPILER_APPICON_NAME = AppIcon;
				INFOPLIST_FILE = RuntimeTest2/Info.plist;
				LD_RUNPATH_SEARCH_PATHS = "$(inherited) @executable_path/Frameworks";
				PRODUCT_BUNDLE_IDENTIFIER = xxx.RuntimeTest2;
				PRODUCT_NAME = "$(TARGET_NAME)";
			};
			name = Release;
		};
		D844C7411CE09DDE003E12FA /* Debug */ = {
			isa = XCBuildConfiguration;
			buildSettings = {
				BUNDLE_LOADER = "$(TEST_HOST)";
				INFOPLIST_FILE = RuntimeTest2Tests/Info.plist;
				LD_RUNPATH_SEARCH_PATHS = "$(inherited) @executable_path/Frameworks @loader_path/Frameworks";
				PRODUCT_BUNDLE_IDENTIFIER = xxx.RuntimeTest2Tests;
				PRODUCT_NAME = "$(TARGET_NAME)";
				TEST_HOST = "$(BUILT_PRODUCTS_DIR)/RuntimeTest2.app/RuntimeTest2";
			};
			name = Debug;
		};
		D844C7421CE09DDE003E12FA /* Release */ = {
			isa = XCBuildConfiguration;
			buildSettings = {
				BUNDLE_LOADER = "$(TEST_HOST)";
				INFOPLIST_FILE = RuntimeTest2Tests/Info.plist;
				LD_RUNPATH_SEARCH_PATHS = "$(inherited) @executable_path/Frameworks @loader_path/Frameworks";
				PRODUCT_BUNDLE_IDENTIFIER = xxx.RuntimeTest2Tests;
				PRODUCT_NAME = "$(TARGET_NAME)";
				TEST_HOST = "$(BUILT_PRODUCTS_DIR)/RuntimeTest2.app/RuntimeTest2";
			};
			name = Release;
		};
		D844C7441CE09DDE003E12FA /* Debug */ = {
			isa = XCBuildConfiguration;
			buildSettings = {
				INFOPLIST_FILE = RuntimeTest2UITests/Info.plist;
				LD_RUNPATH_SEARCH_PATHS = "$(inherited) @executable_path/Frameworks @loader_path/Frameworks";
				PRODUCT_BUNDLE_IDENTIFIER = xxx.RuntimeTest2UITests;
				PRODUCT_NAME = "$(TARGET_NAME)";
				TEST_TARGET_NAME = RuntimeTest2;
			};
			name = Debug;
		};
		D844C7451CE09DDE003E12FA /* Release */ = {
			isa = XCBuildConfiguration;
			buildSettings = {
				INFOPLIST_FILE = RuntimeTest2UITests/Info.plist;
				LD_RUNPATH_SEARCH_PATHS = "$(inherited) @executable_path/Frameworks @loader_path/Frameworks";
				PRODUCT_BUNDLE_IDENTIFIER = xxx.RuntimeTest2UITests;
				PRODUCT_NAME = "$(TARGET_NAME)";
				TEST_TARGET_NAME = RuntimeTest2;
			};
			name = Release;
		};
/* End XCBuildConfiguration section */

/* Begin XCConfigurationList section */
		D844C70B1CE09DDE003E12FA /* Build configuration list for PBXProject "RuntimeTest2" */ = {
			isa = XCConfigurationList;
			buildConfigurations = (
				D844C73B1CE09DDE003E12FA /* Debug */,
				D844C73C1CE09DDE003E12FA /* Release */,
			);
			defaultConfigurationIsVisible = 0;
			defaultConfigurationName = Release;
		};
		D844C73D1CE09DDE003E12FA /* Build configuration list for PBXNativeTarget "RuntimeTest2" */ = {
			isa = XCConfigurationList;
			buildConfigurations = (
				D844C73E1CE09DDE003E12FA /* Debug */,
				D844C73F1CE09DDE003E12FA /* Release */,
			);
			defaultConfigurationIsVisible = 0;
		};
		D844C7401CE09DDE003E12FA /* Build configuration list for PBXNativeTarget "RuntimeTest2Tests" */ = {
			isa = XCConfigurationList;
			buildConfigurations = (
				D844C7411CE09DDE003E12FA /* Debug */,
				D844C7421CE09DDE003E12FA /* Release */,
			);
			defaultConfigurationIsVisible = 0;
		};
		D844C7431CE09DDE003E12FA /* Build configuration list for PBXNativeTarget "RuntimeTest2UITests" */ = {
			isa = XCConfigurationList;
			buildConfigurations = (
				D844C7441CE09DDE003E12FA /* Debug */,
				D844C7451CE09DDE003E12FA /* Release */,
			);
			defaultConfigurationIsVisible = 0;
		};
/* End XCConfigurationList section */
	};
	rootObject = D844C7081CE09DDE003E12FA /* Project object */;
}
